
Microsoft Visual Studio Solution File, Format Version 11.00
# Visual Studio 2010
Project("{2150E333-8FDC-42A3-9474-1A3956D46DE8}") = "Custom Draw", "Custom Draw", "{890AFCD4-939C-4F9E-A7F0-8ED9409BC813}"
EndProject
Project("{2150E333-8FDC-42A3-9474-1A3956D46DE8}") = "General", "General", "{AE8BC34A-B922-4038-8888-5341190C0B66}"
EndProject
Project("{2150E333-8FDC-42A3-9474-1A3956D46DE8}") = "Virtual Mode", "Virtual Mode", "{E9C6EF59-D532-4F92-8AA8-5D75940F9213}"
EndProject
Project("{8BC9CEB8-8B4A-11D0-8D11-00A0C91BC942}") = "FontsColors", "Custom Draw\Fonts and Colors\FontsColors.vcxproj", "{52E40485-6256-46D3-A3AE-E1E1C762232D}"
EndProject
Project("{8BC9CEB8-8B4A-11D0-8D11-00A0C91BC942}") = "Outlook2003", "Custom Draw\Outlook 2003\Outlook2003.vcxproj", "{299518D8-AD9F-4E59-B1EE-7D3360F0E11A}"
EndProject
Project("{8BC9CEB8-8B4A-11D0-8D11-00A0C91BC942}") = "ProgressBars", "Custom Draw\Progress Bars\ProgressBars.vcxproj", "{89D6BC41-1807-47B7-9673-35C7026EFA58}"
EndProject
Project("{8BC9CEB8-8B4A-11D0-8D11-00A0C91BC942}") = "DragDrop", "General\Drag'n'Drop\DragDrop.vcxproj", "{2797A1AD-D980-4653-B9FC-8619A1B04AB9}"
EndProject
Project("{8BC9CEB8-8B4A-11D0-8D11-00A0C91BC942}") = "Events", "General\Events\Events.vcxproj", "{1CFD9DA3-DC7B-4F87-9C67-B0F152EA85AE}"
EndProject
Project("{8BC9CEB8-8B4A-11D0-8D11-00A0C91BC942}") = "SubItemControls", "General\SubItemControls\SubItemControls.vcxproj", "{26D4F5C4-50FB-41A2-BC66-1C6BFA88BBE2}"
EndProject
Project("{8BC9CEB8-8B4A-11D0-8D11-00A0C91BC942}") = "OptionListView", "General\OptionListView\OptionListView.vcxproj", "{7525D96F-417C-401E-978C-F7179D6D7833}"
EndProject
Project("{8BC9CEB8-8B4A-11D0-8D11-00A0C91BC942}") = "VirtualModeDragDrop", "Virtual Mode\Drag'n'Drop\DragDrop.vcxproj", "{A143E90E-CE4C-48AB-A605-3335F674E3C1}"
EndProject
Project("{8BC9CEB8-8B4A-11D0-8D11-00A0C91BC942}") = "PerformanceTest", "Virtual Mode\Performance Test\PerformanceTest.vcxproj", "{27559862-C17E-42C7-AD09-1037CA287995}"
EndProject
Project("{8BC9CEB8-8B4A-11D0-8D11-00A0C91BC942}") = "StateImages", "Virtual Mode\State Images\StateImages.vcxproj", "{89CDF395-FEFC-4D26-B591-42B7CBFD00FC}"
EndProject
Global
	GlobalSection(SolutionConfigurationPlatforms) = preSolution
		Debug|Win32 = Debug|Win32
		Release|Win32 = Release|Win32
	EndGlobalSection
	GlobalSection(ProjectConfigurationPlatforms) = postSolution
		{52E40485-6256-46D3-A3AE-E1E1C762232D}.Debug|Win32.ActiveCfg = Debug|Win32
		{52E40485-6256-46D3-A3AE-E1E1C762232D}.Debug|Win32.Build.0 = Debug|Win32
		{52E40485-6256-46D3-A3AE-E1E1C762232D}.Release|Win32.ActiveCfg = Release|Win32
		{52E40485-6256-46D3-A3AE-E1E1C762232D}.Release|Win32.Build.0 = Release|Win32
		{299518D8-AD9F-4E59-B1EE-7D3360F0E11A}.Debug|Win32.ActiveCfg = Debug|Win32
		{299518D8-AD9F-4E59-B1EE-7D3360F0E11A}.Debug|Win32.Build.0 = Debug|Win32
		{299518D8-AD9F-4E59-B1EE-7D3360F0E11A}.Release|Win32.ActiveCfg = Release|Win32
		{299518D8-AD9F-4E59-B1EE-7D3360F0E11A}.Release|Win32.Build.0 = Release|Win32
		{89D6BC41-1807-47B7-9673-35C7026EFA58}.Debug|Win32.ActiveCfg = Debug|Win32
		{89D6BC41-1807-47B7-9673-35C7026EFA58}.Debug|Win32.Build.0 = Debug|Win32
		{89D6BC41-1807-47B7-9673-35C7026EFA58}.Release|Win32.ActiveCfg = Release|Win32
		{89D6BC41-1807-47B7-9673-35C7026EFA58}.Release|Win32.Build.0 = Release|Win32
		{2797A1AD-D980-4653-B9FC-8619A1B04AB9}.Debug|Win32.ActiveCfg = Debug|Win32
		{2797A1AD-D980-4653-B9FC-8619A1B04AB9}.Debug|Win32.Build.0 = Debug|Win32
		{2797A1AD-D980-4653-B9FC-8619A1B04AB9}.Release|Win32.ActiveCfg = Release|Win32
		{2797A1AD-D980-4653-B9FC-8619A1B04AB9}.Release|Win32.Build.0 = Release|Win32
		{1CFD9DA3-DC7B-4F87-9C67-B0F152EA85AE}.Debug|Win32.ActiveCfg = Debug|Win32
		{1CFD9DA3-DC7B-4F87-9C67-B0F152EA85AE}.Debug|Win32.Build.0 = Debug|Win32
		{1CFD9DA3-DC7B-4F87-9C67-B0F152EA85AE}.Release|Win32.ActiveCfg = Release|Win32
		{1CFD9DA3-DC7B-4F87-9C67-B0F152EA85AE}.Release|Win32.Build.0 = Release|Win32
		{26D4F5C4-50FB-41A2-BC66-1C6BFA88BBE2}.Debug|Win32.ActiveCfg = Debug|Win32
		{26D4F5C4-50FB-41A2-BC66-1C6BFA88BBE2}.Debug|Win32.Build.0 = Debug|Win32
		{26D4F5C4-50FB-41A2-BC66-1C6BFA88BBE2}.Release|Win32.ActiveCfg = Release|Win32
		{26D4F5C4-50FB-41A2-BC66-1C6BFA88BBE2}.Release|Win32.Build.0 = Release|Win32
		{7525D96F-417C-401E-978C-F7179D6D7833}.Debug|Win32.ActiveCfg = Debug|Win32
		{7525D96F-417C-401E-978C-F7179D6D7833}.Debug|Win32.Build.0 = Debug|Win32
		{7525D96F-417C-401E-978C-F7179D6D7833}.Release|Win32.ActiveCfg = Release|Win32
		{7525D96F-417C-401E-978C-F7179D6D7833}.Release|Win32.Build.0 = Release|Win32
		{A143E90E-CE4C-48AB-A605-3335F674E3C1}.Debug|Win32.ActiveCfg = Debug|Win32
		{A143E90E-CE4C-48AB-A605-3335F674E3C1}.Release|Win32.ActiveCfg = Release|Win32
		{27559862-C17E-42C7-AD09-1037CA287995}.Debug|Win32.ActiveCfg = Debug|Win32
		{27559862-C17E-42C7-AD09-1037CA287995}.Debug|Win32.Build.0 = Debug|Win32
		{27559862-C17E-42C7-AD09-1037CA287995}.Release|Win32.ActiveCfg = Release|Win32
		{27559862-C17E-42C7-AD09-1037CA287995}.Release|Win32.Build.0 = Release|Win32
		{89CDF395-FEFC-4D26-B591-42B7CBFD00FC}.Debug|Win32.ActiveCfg = Debug|Win32
		{89CDF395-FEFC-4D26-B591-42B7CBFD00FC}.Debug|Win32.Build.0 = Debug|Win32
		{89CDF395-FEFC-4D26-B591-42B7CBFD00FC}.Release|Win32.ActiveCfg = Release|Win32
		{89CDF395-FEFC-4D26-B591-42B7CBFD00FC}.Release|Win32.Build.0 = Release|Win32
	EndGlobalSection
	GlobalSection(SolutionProperties) = preSolution
		HideSolutionNode = FALSE
	EndGlobalSection
	GlobalSection(NestedProjects) = preSolution
		{52E40485-6256-46D3-A3AE-E1E1C762232D} = {890AFCD4-939C-4F9E-A7F0-8ED9409BC813}
		{299518D8-AD9F-4E59-B1EE-7D3360F0E11A} = {890AFCD4-939C-4F9E-A7F0-8ED9409BC813}
		{89D6BC41-1807-47B7-9673-35C7026EFA58} = {890AFCD4-939C-4F9E-A7F0-8ED9409BC813}
		{2797A1AD-D980-4653-B9FC-8619A1B04AB9} = {AE8BC34A-B922-4038-8888-5341190C0B66}
		{1CFD9DA3-DC7B-4F87-9C67-B0F152EA85AE} = {AE8BC34A-B922-4038-8888-5341190C0B66}
		{26D4F5C4-50FB-41A2-BC66-1C6BFA88BBE2} = {AE8BC34A-B922-4038-8888-5341190C0B66}
		{7525D96F-417C-401E-978C-F7179D6D7833} = {AE8BC34A-B922-4038-8888-5341190C0B66}
		{A143E90E-CE4C-48AB-A605-3335F674E3C1} = {E9C6EF59-D532-4F92-8AA8-5D75940F9213}
		{27559862-C17E-42C7-AD09-1037CA287995} = {E9C6EF59-D532-4F92-8AA8-5D75940F9213}
		{89CDF395-FEFC-4D26-B591-42B7CBFD00FC} = {E9C6EF59-D532-4F92-8AA8-5D75940F9213}
	EndGlobalSection
EndGlobal
